
Microsoft Visual Studio Solution File, Format Version 12.00
# Visual Studio Version 16
VisualStudioVersion = 16.0.30523.141
MinimumVisualStudioVersion = 10.0.40219.1
Project("{FAE04EC0-301F-11D3-BF4B-00C04F79EFBC}") = "Tp12", "Tp12\Tp12.csproj", "{174064B6-B4A9-42FB-9F0B-D9E647848E65}"
EndProject
Global
	GlobalSection(SolutionConfigurationPlatforms) = preSolution
		Debug|Any CPU = Debug|Any CPU
		Release|Any CPU = Release|Any CPU
	EndGlobalSection
	GlobalSection(ProjectConfigurationPlatforms) = postSolution
		{174064B6-B4A9-42FB-9F0B-D9E647848E65}.Debug|Any CPU.ActiveCfg = Debug|Any CPU
		{174064B6-B4A9-42FB-9F0B-D9E647848E65}.Debug|Any CPU.Build.0 = Debug|Any CPU
		{174064B6-B4A9-42FB-9F0B-D9E647848E65}.Release|Any CPU.ActiveCfg = Release|Any CPU
		{174064B6-B4A9-42FB-9F0B-D9E647848E65}.Release|Any CPU.Build.0 = Release|Any CPU
	EndGlobalSection
	GlobalSection(SolutionProperties) = preSolution
		HideSolutionNode = FALSE
	EndGlobalSection
	GlobalSection(ExtensibilityGlobals) = postSolution
		SolutionGuid = {4DB19BA2-EA5E-472C-B766-B272D33F81F3}
	EndGlobalSection
EndGlobal
