
Microsoft Visual Studio Solution File, Format Version 12.00
# Visual Studio Version 16
VisualStudioVersion = 16.0.30320.27
MinimumVisualStudioVersion = 10.0.40219.1
Project("{FAE04EC0-301F-11D3-BF4B-00C04F79EFBC}") = "Clase string ejercicio 11", "Clase string ejercicio 11\Clase string ejercicio 11.csproj", "{DDE656A4-C498-4762-A5CC-68948168FB68}"
EndProject
Global
	GlobalSection(SolutionConfigurationPlatforms) = preSolution
		Debug|Any CPU = Debug|Any CPU
		Release|Any CPU = Release|Any CPU
	EndGlobalSection
	GlobalSection(ProjectConfigurationPlatforms) = postSolution
		{DDE656A4-C498-4762-A5CC-68948168FB68}.Debug|Any CPU.ActiveCfg = Debug|Any CPU
		{DDE656A4-C498-4762-A5CC-68948168FB68}.Debug|Any CPU.Build.0 = Debug|Any CPU
		{DDE656A4-C498-4762-A5CC-68948168FB68}.Release|Any CPU.ActiveCfg = Release|Any CPU
		{DDE656A4-C498-4762-A5CC-68948168FB68}.Release|Any CPU.Build.0 = Release|Any CPU
	EndGlobalSection
	GlobalSection(SolutionProperties) = preSolution
		HideSolutionNode = FALSE
	EndGlobalSection
	GlobalSection(ExtensibilityGlobals) = postSolution
		SolutionGuid = {27219456-5F84-4C88-B4D6-50717641A304}
	EndGlobalSection
EndGlobal
