
Microsoft Visual Studio Solution File, Format Version 12.00
# Visual Studio Version 16
VisualStudioVersion = 16.0.30320.27
MinimumVisualStudioVersion = 10.0.40219.1
Project("{FAE04EC0-301F-11D3-BF4B-00C04F79EFBC}") = "clase char ejercicio 2", "clase char ejercicio 2\clase char ejercicio 2.csproj", "{4B1BA4E0-5DE8-4230-8655-770BACE95AB3}"
EndProject
Global
	GlobalSection(SolutionConfigurationPlatforms) = preSolution
		Debug|Any CPU = Debug|Any CPU
		Release|Any CPU = Release|Any CPU
	EndGlobalSection
	GlobalSection(ProjectConfigurationPlatforms) = postSolution
		{4B1BA4E0-5DE8-4230-8655-770BACE95AB3}.Debug|Any CPU.ActiveCfg = Debug|Any CPU
		{4B1BA4E0-5DE8-4230-8655-770BACE95AB3}.Debug|Any CPU.Build.0 = Debug|Any CPU
		{4B1BA4E0-5DE8-4230-8655-770BACE95AB3}.Release|Any CPU.ActiveCfg = Release|Any CPU
		{4B1BA4E0-5DE8-4230-8655-770BACE95AB3}.Release|Any CPU.Build.0 = Release|Any CPU
	EndGlobalSection
	GlobalSection(SolutionProperties) = preSolution
		HideSolutionNode = FALSE
	EndGlobalSection
	GlobalSection(ExtensibilityGlobals) = postSolution
		SolutionGuid = {4E370E25-4225-4A7D-AFD5-0B3D44AC5E5E}
	EndGlobalSection
EndGlobal
