
Microsoft Visual Studio Solution File, Format Version 12.00
# Visual Studio Version 17
VisualStudioVersion = 17.3.32819.101
MinimumVisualStudioVersion = 10.0.40219.1
Project("{FAE04EC0-301F-11D3-BF4B-00C04F79EFBC}") = "Ejercicio12", "Ejercicio12\Ejercicio12.csproj", "{E1E99050-02E4-4DAC-97B4-617D789CC411}"
EndProject
Global
	GlobalSection(SolutionConfigurationPlatforms) = preSolution
		Debug|Any CPU = Debug|Any CPU
		Release|Any CPU = Release|Any CPU
	EndGlobalSection
	GlobalSection(ProjectConfigurationPlatforms) = postSolution
		{E1E99050-02E4-4DAC-97B4-617D789CC411}.Debug|Any CPU.ActiveCfg = Debug|Any CPU
		{E1E99050-02E4-4DAC-97B4-617D789CC411}.Debug|Any CPU.Build.0 = Debug|Any CPU
		{E1E99050-02E4-4DAC-97B4-617D789CC411}.Release|Any CPU.ActiveCfg = Release|Any CPU
		{E1E99050-02E4-4DAC-97B4-617D789CC411}.Release|Any CPU.Build.0 = Release|Any CPU
	EndGlobalSection
	GlobalSection(SolutionProperties) = preSolution
		HideSolutionNode = FALSE
	EndGlobalSection
	GlobalSection(ExtensibilityGlobals) = postSolution
		SolutionGuid = {B6F96B39-001A-4354-872B-F3DF34F6C6FF}
	EndGlobalSection
EndGlobal
